
Microsoft Visual Studio Solution File, Format Version 12.00
# Visual Studio Version 17
VisualStudioVersion = 17.9.34607.119
MinimumVisualStudioVersion = 10.0.40219.1
Project("{FAE04EC0-301F-11D3-BF4B-00C04F79EFBC}") = "TestConsoleApp", "TestConsoleApp.csproj", "{66E3C297-2D5C-45C3-9751-193A5361F112}"
EndProject
Global
	GlobalSection(SolutionConfigurationPlatforms) = preSolution
		Debug|Any CPU = Debug|Any CPU
		Release|Any CPU = Release|Any CPU
	EndGlobalSection
	GlobalSection(ProjectConfigurationPlatforms) = postSolution
		{66E3C297-2D5C-45C3-9751-193A5361F112}.Debug|Any CPU.ActiveCfg = Debug|Any CPU
		{66E3C297-2D5C-45C3-9751-193A5361F112}.Debug|Any CPU.Build.0 = Debug|Any CPU
		{66E3C297-2D5C-45C3-9751-193A5361F112}.Release|Any CPU.ActiveCfg = Release|Any CPU
		{66E3C297-2D5C-45C3-9751-193A5361F112}.Release|Any CPU.Build.0 = Release|Any CPU
	EndGlobalSection
	GlobalSection(SolutionProperties) = preSolution
		HideSolutionNode = FALSE
	EndGlobalSection
	GlobalSection(ExtensibilityGlobals) = postSolution
		SolutionGuid = {0267AC56-8F32-46FE-B9D6-87F379D6B6BC}
	EndGlobalSection
EndGlobal
